
Microsoft Visual Studio Solution File, Format Version 12.00
# Visual Studio 15
VisualStudioVersion = 15.0.28010.2046
MinimumVisualStudioVersion = 10.0.40219.1
Project("{FAE04EC0-301F-11D3-BF4B-00C04F79EFBC}") = "WebApplication1", "WebApplication1\WebApplication1.csproj", "{E7E50CCD-6C06-4BA6-B42B-11B4B9BC0B75}"
EndProject
Global
	GlobalSection(SolutionConfigurationPlatforms) = preSolution
		Debug|Any CPU = Debug|Any CPU
		Release|Any CPU = Release|Any CPU
	EndGlobalSection
	GlobalSection(ProjectConfigurationPlatforms) = postSolution
		{E7E50CCD-6C06-4BA6-B42B-11B4B9BC0B75}.Debug|Any CPU.ActiveCfg = Debug|Any CPU
		{E7E50CCD-6C06-4BA6-B42B-11B4B9BC0B75}.Debug|Any CPU.Build.0 = Debug|Any CPU
		{E7E50CCD-6C06-4BA6-B42B-11B4B9BC0B75}.Release|Any CPU.ActiveCfg = Release|Any CPU
		{E7E50CCD-6C06-4BA6-B42B-11B4B9BC0B75}.Release|Any CPU.Build.0 = Release|Any CPU
	EndGlobalSection
	GlobalSection(SolutionProperties) = preSolution
		HideSolutionNode = FALSE
	EndGlobalSection
	GlobalSection(ExtensibilityGlobals) = postSolution
		SolutionGuid = {AAA870B2-8F23-4BBF-83B9-FB9D8C14FC58}
	EndGlobalSection
EndGlobal
